// !$*UTF8*$!
{
	archiveVersion = 1;
	classes = {
	};
	objectVersion = 56;
	objects = {

/* Begin PBXBuildFile section */
		71ED35D22A0DB9D900078C3C /* Kinetic_AppApp.swift in Sources */ = {isa = PBXBuildFile; fileRef = 71ED35D12A0DB9D900078C3C /* Kinetic_AppApp.swift */; };
		71ED35D42A0DB9D900078C3C /* ContentView.swift in Sources */ = {isa = PBXBuildFile; fileRef = 71ED35D32A0DB9D900078C3C /* ContentView.swift */; };
		71ED35D62A0DB9DA00078C3C /* Assets.xcassets in Resources */ = {isa = PBXBuildFile; fileRef = 71ED35D52A0DB9DA00078C3C /* Assets.xcassets */; };
		71ED35D92A0DB9DA00078C3C /* Preview Assets.xcassets in Resources */ = {isa = PBXBuildFile; fileRef = 71ED35D82A0DB9DA00078C3C /* Preview Assets.xcassets */; };
		71ED35E32A0DB9DA00078C3C /* Kinetic_AppTests.swift in Sources */ = {isa = PBXBuildFile; fileRef = 71ED35E22A0DB9DA00078C3C /* Kinetic_AppTests.swift */; };
		71ED35ED2A0DB9DA00078C3C /* Kinetic_AppUITests.swift in Sources */ = {isa = PBXBuildFile; fileRef = 71ED35EC2A0DB9DA00078C3C /* Kinetic_AppUITests.swift */; };
		71ED35EF2A0DB9DA00078C3C /* Kinetic_AppUITestsLaunchTests.swift in Sources */ = {isa = PBXBuildFile; fileRef = 71ED35EE2A0DB9DA00078C3C /* Kinetic_AppUITestsLaunchTests.swift */; };
/* End PBXBuildFile section */

/* Begin PBXContainerItemProxy section */
		71ED35DF2A0DB9DA00078C3C /* PBXContainerItemProxy */ = {
			isa = PBXContainerItemProxy;
			containerPortal = 71ED35C62A0DB9D900078C3C /* Project object */;
			proxyType = 1;
			remoteGlobalIDString = 71ED35CD2A0DB9D900078C3C;
			remoteInfo = "Kinetic App";
		};
		71ED35E92A0DB9DA00078C3C /* PBXContainerItemProxy */ = {
			isa = PBXContainerItemProxy;
			containerPortal = 71ED35C62A0DB9D900078C3C /* Project object */;
			proxyType = 1;
			remoteGlobalIDString = 71ED35CD2A0DB9D900078C3C;
			remoteInfo = "Kinetic App";
		};
/* End PBXContainerItemProxy section */

/* Begin PBXFileReference section */
		71ED35CE2A0DB9D900078C3C /* Kinetic App.app */ = {isa = PBXFileReference; explicitFileType = wrapper.application; includeInIndex = 0; path = "Kinetic App.app"; sourceTree = BUILT_PRODUCTS_DIR; };
		71ED35D12A0DB9D900078C3C /* Kinetic_AppApp.swift */ = {isa = PBXFileReference; lastKnownFileType = sourcecode.swift; path = Kinetic_AppApp.swift; sourceTree = "<group>"; };
		71ED35D32A0DB9D900078C3C /* ContentView.swift */ = {isa = PBXFileReference; lastKnownFileType = sourcecode.swift; path = ContentView.swift; sourceTree = "<group>"; };
		71ED35D52A0DB9DA00078C3C /* Assets.xcassets */ = {isa = PBXFileReference; lastKnownFileType = folder.assetcatalog; path = Assets.xcassets; sourceTree = "<group>"; };
		71ED35D82A0DB9DA00078C3C /* Preview Assets.xcassets */ = {isa = PBXFileReference; lastKnownFileType = folder.assetcatalog; path = "Preview Assets.xcassets"; sourceTree = "<group>"; };
		71ED35DE2A0DB9DA00078C3C /* Kinetic AppTests.xctest */ = {isa = PBXFileReference; explicitFileType = wrapper.cfbundle; includeInIndex = 0; path = "Kinetic AppTests.xctest"; sourceTree = BUILT_PRODUCTS_DIR; };
		71ED35E22A0DB9DA00078C3C /* Kinetic_AppTests.swift */ = {isa = PBXFileReference; lastKnownFileType = sourcecode.swift; path = Kinetic_AppTests.swift; sourceTree = "<group>"; };
		71ED35E82A0DB9DA00078C3C /* Kinetic AppUITests.xctest */ = {isa = PBXFileReference; explicitFileType = wrapper.cfbundle; includeInIndex = 0; path = "Kinetic AppUITests.xctest"; sourceTree = BUILT_PRODUCTS_DIR; };
		71ED35EC2A0DB9DA00078C3C /* Kinetic_AppUITests.swift */ = {isa = PBXFileReference; lastKnownFileType = sourcecode.swift; path = Kinetic_AppUITests.swift; sourceTree = "<group>"; };
		71ED35EE2A0DB9DA00078C3C /* Kinetic_AppUITestsLaunchTests.swift */ = {isa = PBXFileReference; lastKnownFileType = sourcecode.swift; path = Kinetic_AppUITestsLaunchTests.swift; sourceTree = "<group>"; };
/* End PBXFileReference section */

/* Begin PBXFrameworksBuildPhase section */
		71ED35CB2A0DB9D900078C3C /* Frameworks */ = {
			isa = PBXFrameworksBuildPhase;
			buildActionMask = 2147483647;
			files = (
			);
			runOnlyForDeploymentPostprocessing = 0;
		};
		71ED35DB2A0DB9DA00078C3C /* Frameworks */ = {
			isa = PBXFrameworksBuildPhase;
			buildActionMask = 2147483647;
			files = (
			);
			runOnlyForDeploymentPostprocessing = 0;
		};
		71ED35E52A0DB9DA00078C3C /* Frameworks */ = {
			isa = PBXFrameworksBuildPhase;
			buildActionMask = 2147483647;
			files = (
			);
			runOnlyForDeploymentPostprocessing = 0;
		};
/* End PBXFrameworksBuildPhase section */

/* Begin PBXGroup section */
		71ED35C52A0DB9D900078C3C = {
			isa = PBXGroup;
			children = (
				71ED35D02A0DB9D900078C3C /* Kinetic App */,
				71ED35E12A0DB9DA00078C3C /* Kinetic AppTests */,
				71ED35EB2A0DB9DA00078C3C /* Kinetic AppUITests */,
				71ED35CF2A0DB9D900078C3C /* Products */,
			);
			sourceTree = "<group>";
		};
		71ED35CF2A0DB9D900078C3C /* Products */ = {
			isa = PBXGroup;
			children = (
				71ED35CE2A0DB9D900078C3C /* Kinetic App.app */,
				71ED35DE2A0DB9DA00078C3C /* Kinetic AppTests.xctest */,
				71ED35E82A0DB9DA00078C3C /* Kinetic AppUITests.xctest */,
			);
			name = Products;
			sourceTree = "<group>";
		};
		71ED35D02A0DB9D900078C3C /* Kinetic App */ = {
			isa = PBXGroup;
			children = (
				71ED35D12A0DB9D900078C3C /* Kinetic_AppApp.swift */,
				71ED35D32A0DB9D900078C3C /* ContentView.swift */,
				71ED35D52A0DB9DA00078C3C /* Assets.xcassets */,
				71ED35D72A0DB9DA00078C3C /* Preview Content */,
			);
			path = "Kinetic App";
			sourceTree = "<group>";
		};
		71ED35D72A0DB9DA00078C3C /* Preview Content */ = {
			isa = PBXGroup;
			children = (
				71ED35D82A0DB9DA00078C3C /* Preview Assets.xcassets */,
			);
			path = "Preview Content";
			sourceTree = "<group>";
		};
		71ED35E12A0DB9DA00078C3C /* Kinetic AppTests */ = {
			isa = PBXGroup;
			children = (
				71ED35E22A0DB9DA00078C3C /* Kinetic_AppTests.swift */,
			);
			path = "Kinetic AppTests";
			sourceTree = "<group>";
		};
		71ED35EB2A0DB9DA00078C3C /* Kinetic AppUITests */ = {
			isa = PBXGroup;
			children = (
				71ED35EC2A0DB9DA00078C3C /* Kinetic_AppUITests.swift */,
				71ED35EE2A0DB9DA00078C3C /* Kinetic_AppUITestsLaunchTests.swift */,
			);
			path = "Kinetic AppUITests";
			sourceTree = "<group>";
		};
/* End PBXGroup section */

/* Begin PBXNativeTarget section */
		71ED35CD2A0DB9D900078C3C /* Kinetic App */ = {
			isa = PBXNativeTarget;
			buildConfigurationList = 71ED35F22A0DB9DA00078C3C /* Build configuration list for PBXNativeTarget "Kinetic App" */;
			buildPhases = (
				71ED35CA2A0DB9D900078C3C /* Sources */,
				71ED35CB2A0DB9D900078C3C /* Frameworks */,
				71ED35CC2A0DB9D900078C3C /* Resources */,
			);
			buildRules = (
			);
			dependencies = (
			);
			name = "Kinetic App";
			productName = "Kinetic App";
			productReference = 71ED35CE2A0DB9D900078C3C /* Kinetic App.app */;
			productType = "com.apple.product-type.application";
		};
		71ED35DD2A0DB9DA00078C3C /* Kinetic AppTests */ = {
			isa = PBXNativeTarget;
			buildConfigurationList = 71ED35F52A0DB9DA00078C3C /* Build configuration list for PBXNativeTarget "Kinetic AppTests" */;
			buildPhases = (
				71ED35DA2A0DB9DA00078C3C /* Sources */,
				71ED35DB2A0DB9DA00078C3C /* Frameworks */,
				71ED35DC2A0DB9DA00078C3C /* Resources */,
			);
			buildRules = (
			);
			dependencies = (
				71ED35E02A0DB9DA00078C3C /* PBXTargetDependency */,
			);
			name = "Kinetic AppTests";
			productName = "Kinetic AppTests";
			productReference = 71ED35DE2A0DB9DA00078C3C /* Kinetic AppTests.xctest */;
			productType = "com.apple.product-type.bundle.unit-test";
		};
		71ED35E72A0DB9DA00078C3C /* Kinetic AppUITests */ = {
			isa = PBXNativeTarget;
			buildConfigurationList = 71ED35F82A0DB9DA00078C3C /* Build configuration list for PBXNativeTarget "Kinetic AppUITests" */;
			buildPhases = (
				71ED35E42A0DB9DA00078C3C /* Sources */,
				71ED35E52A0DB9DA00078C3C /* Frameworks */,
				71ED35E62A0DB9DA00078C3C /* Resources */,
			);
			buildRules = (
			);
			dependencies = (
				71ED35EA2A0DB9DA00078C3C /* PBXTargetDependency */,
			);
			name = "Kinetic AppUITests";
			productName = "Kinetic AppUITests";
			productReference = 71ED35E82A0DB9DA00078C3C /* Kinetic AppUITests.xctest */;
			productType = "com.apple.product-type.bundle.ui-testing";
		};
/* End PBXNativeTarget section */

/* Begin PBXProject section */
		71ED35C62A0DB9D900078C3C /* Project object */ = {
			isa = PBXProject;
			attributes = {
				BuildIndependentTargetsInParallel = 1;
				LastSwiftUpdateCheck = 1430;
				LastUpgradeCheck = 1430;
				TargetAttributes = {
					71ED35CD2A0DB9D900078C3C = {
						CreatedOnToolsVersion = 14.3;
					};
					71ED35DD2A0DB9DA00078C3C = {
						CreatedOnToolsVersion = 14.3;
						TestTargetID = 71ED35CD2A0DB9D900078C3C;
					};
					71ED35E72A0DB9DA00078C3C = {
						CreatedOnToolsVersion = 14.3;
						TestTargetID = 71ED35CD2A0DB9D900078C3C;
					};
				};
			};
			buildConfigurationList = 71ED35C92A0DB9D900078C3C /* Build configuration list for PBXProject "Kinetic App" */;
			compatibilityVersion = "Xcode 14.0";
			developmentRegion = en;
			hasScannedForEncodings = 0;
			knownRegions = (
				en,
				Base,
			);
			mainGroup = 71ED35C52A0DB9D900078C3C;
			productRefGroup = 71ED35CF2A0DB9D900078C3C /* Products */;
			projectDirPath = "";
			projectRoot = "";
			targets = (
				71ED35CD2A0DB9D900078C3C /* Kinetic App */,
				71ED35DD2A0DB9DA00078C3C /* Kinetic AppTests */,
				71ED35E72A0DB9DA00078C3C /* Kinetic AppUITests */,
			);
		};
/* End PBXProject section */

/* Begin PBXResourcesBuildPhase section */
		71ED35CC2A0DB9D900078C3C /* Resources */ = {
			isa = PBXResourcesBuildPhase;
			buildActionMask = 2147483647;
			files = (
				71ED35D92A0DB9DA00078C3C /* Preview Assets.xcassets in Resources */,
				71ED35D62A0DB9DA00078C3C /* Assets.xcassets in Resources */,
			);
			runOnlyForDeploymentPostprocessing = 0;
		};
		71ED35DC2A0DB9DA00078C3C /* Resources */ = {
			isa = PBXResourcesBuildPhase;
			buildActionMask = 2147483647;
			files = (
			);
			runOnlyForDeploymentPostprocessing = 0;
		};
		71ED35E62A0DB9DA00078C3C /* Resources */ = {
			isa = PBXResourcesBuildPhase;
			buildActionMask = 2147483647;
			files = (
			);
			runOnlyForDeploymentPostprocessing = 0;
		};
/* End PBXResourcesBuildPhase section */

/* Begin PBXSourcesBuildPhase section */
		71ED35CA2A0DB9D900078C3C /* Sources */ = {
			isa = PBXSourcesBuildPhase;
			buildActionMask = 2147483647;
			files = (
				71ED35D42A0DB9D900078C3C /* ContentView.swift in Sources */,
				71ED35D22A0DB9D900078C3C /* Kinetic_AppApp.swift in Sources */,
			);
			runOnlyForDeploymentPostprocessing = 0;
		};
		71ED35DA2A0DB9DA00078C3C /* Sources */ = {
			isa = PBXSourcesBuildPhase;
			buildActionMask = 2147483647;
			files = (
				71ED35E32A0DB9DA00078C3C /* Kinetic_AppTests.swift in Sources */,
			);
			runOnlyForDeploymentPostprocessing = 0;
		};
		71ED35E42A0DB9DA00078C3C /* Sources */ = {
			isa = PBXSourcesBuildPhase;
			buildActionMask = 2147483647;
			files = (
				71ED35EF2A0DB9DA00078C3C /* Kinetic_AppUITestsLaunchTests.swift in Sources */,
				71ED35ED2A0DB9DA00078C3C /* Kinetic_AppUITests.swift in Sources */,
			);
			runOnlyForDeploymentPostprocessing = 0;
		};
/* End PBXSourcesBuildPhase section */

/* Begin PBXTargetDependency section */
		71ED35E02A0DB9DA00078C3C /* PBXTargetDependency */ = {
			isa = PBXTargetDependency;
			target = 71ED35CD2A0DB9D900078C3C /* Kinetic App */;
			targetProxy = 71ED35DF2A0DB9DA00078C3C /* PBXContainerItemProxy */;
		};
		71ED35EA2A0DB9DA00078C3C /* PBXTargetDependency */ = {
			isa = PBXTargetDependency;
			target = 71ED35CD2A0DB9D900078C3C /* Kinetic App */;
			targetProxy = 71ED35E92A0DB9DA00078C3C /* PBXContainerItemProxy */;
		};
/* End PBXTargetDependency section */

/* Begin XCBuildConfiguration section */
		71ED35F02A0DB9DA00078C3C /* Debug */ = {
			isa = XCBuildConfiguration;
			buildSettings = {
				ALWAYS_SEARCH_USER_PATHS = NO;
				CLANG_ANALYZER_NONNULL = YES;
				CLANG_ANALYZER_NUMBER_OBJECT_CONVERSION = YES_AGGRESSIVE;
				CLANG_CXX_LANGUAGE_STANDARD = "gnu++20";
				CLANG_ENABLE_MODULES = YES;
				CLANG_ENABLE_OBJC_ARC = YES;
				CLANG_ENABLE_OBJC_WEAK = YES;
				CLANG_WARN_BLOCK_CAPTURE_AUTORELEASING = YES;
				CLANG_WARN_BOOL_CONVERSION = YES;
				CLANG_WARN_COMMA = YES;
				CLANG_WARN_CONSTANT_CONVERSION = YES;
				CLANG_WARN_DEPRECATED_OBJC_IMPLEMENTATIONS = YES;
				CLANG_WARN_DIRECT_OBJC_ISA_USAGE = YES_ERROR;
				CLANG_WARN_DOCUMENTATION_COMMENTS = YES;
				CLANG_WARN_EMPTY_BODY = YES;
				CLANG_WARN_ENUM_CONVERSION = YES;
				CLANG_WARN_INFINITE_RECURSION = YES;
				CLANG_WARN_INT_CONVERSION = YES;
				CLANG_WARN_NON_LITERAL_NULL_CONVERSION = YES;
				CLANG_WARN_OBJC_IMPLICIT_RETAIN_SELF = YES;
				CLANG_WARN_OBJC_LITERAL_CONVERSION = YES;
				CLANG_WARN_OBJC_ROOT_CLASS = YES_ERROR;
				CLANG_WARN_QUOTED_INCLUDE_IN_FRAMEWORK_HEADER = YES;
				CLANG_WARN_RANGE_LOOP_ANALYSIS = YES;
				CLANG_WARN_STRICT_PROTOTYPES = YES;
				CLANG_WARN_SUSPICIOUS_MOVE = YES;
				CLANG_WARN_UNGUARDED_AVAILABILITY = YES_AGGRESSIVE;
				CLANG_WARN_UNREACHABLE_CODE = YES;
				CLANG_WARN__DUPLICATE_METHOD_MATCH = YES;
				COPY_PHASE_STRIP = NO;
				DEBUG_INFORMATION_FORMAT = dwarf;
				ENABLE_STRICT_OBJC_MSGSEND = YES;
				ENABLE_TESTABILITY = YES;
				GCC_C_LANGUAGE_STANDARD = gnu11;
				GCC_DYNAMIC_NO_PIC = NO;
				GCC_NO_COMMON_BLOCKS = YES;
				GCC_OPTIMIZATION_LEVEL = 0;
				GCC_PREPROCESSOR_DEFINITIONS = (
					"DEBUG=1",
					"$(inherited)",
				);
				GCC_WARN_64_TO_32_BIT_CONVERSION = YES;
				GCC_WARN_ABOUT_RETURN_TYPE = YES_ERROR;
				GCC_WARN_UNDECLARED_SELECTOR = YES;
				GCC_WARN_UNINITIALIZED_AUTOS = YES_AGGRESSIVE;
				GCC_WARN_UNUSED_FUNCTION = YES;
				GCC_WARN_UNUSED_VARIABLE = YES;
				IPHONEOS_DEPLOYMENT_TARGET = 16.4;
				MTL_ENABLE_DEBUG_INFO = INCLUDE_SOURCE;
				MTL_FAST_MATH = YES;
				ONLY_ACTIVE_ARCH = YES;
				SDKROOT = iphoneos;
				SWIFT_ACTIVE_COMPILATION_CONDITIONS = DEBUG;
				SWIFT_OPTIMIZATION_LEVEL = "-Onone";
			};
			name = Debug;
		};
		71ED35F12A0DB9DA00078C3C /* Release */ = {
			isa = XCBuildConfiguration;
			buildSettings = {
				ALWAYS_SEARCH_USER_PATHS = NO;
				CLANG_ANALYZER_NONNULL = YES;
				CLANG_ANALYZER_NUMBER_OBJECT_CONVERSION = YES_AGGRESSIVE;
				CLANG_CXX_LANGUAGE_STANDARD = "gnu++20";
				CLANG_ENABLE_MODULES = YES;
				CLANG_ENABLE_OBJC_ARC = YES;
				CLANG_ENABLE_OBJC_WEAK = YES;
				CLANG_WARN_BLOCK_CAPTURE_AUTORELEASING = YES;
				CLANG_WARN_BOOL_CONVERSION = YES;
				CLANG_WARN_COMMA = YES;
				CLANG_WARN_CONSTANT_CONVERSION = YES;
				CLANG_WARN_DEPRECATED_OBJC_IMPLEMENTATIONS = YES;
				CLANG_WARN_DIRECT_OBJC_ISA_USAGE = YES_ERROR;
				CLANG_WARN_DOCUMENTATION_COMMENTS = YES;
				CLANG_WARN_EMPTY_BODY = YES;
				CLANG_WARN_ENUM_CONVERSION = YES;
				CLANG_WARN_INFINITE_RECURSION = YES;
				CLANG_WARN_INT_CONVERSION = YES;
				CLANG_WARN_NON_LITERAL_NULL_CONVERSION = YES;
				CLANG_WARN_OBJC_IMPLICIT_RETAIN_SELF = YES;
				CLANG_WARN_OBJC_LITERAL_CONVERSION = YES;
				CLANG_WARN_OBJC_ROOT_CLASS = YES_ERROR;
				CLANG_WARN_QUOTED_INCLUDE_IN_FRAMEWORK_HEADER = YES;
				CLANG_WARN_RANGE_LOOP_ANALYSIS = YES;
				CLANG_WARN_STRICT_PROTOTYPES = YES;
				CLANG_WARN_SUSPICIOUS_MOVE = YES;
				CLANG_WARN_UNGUARDED_AVAILABILITY = YES_AGGRESSIVE;
				CLANG_WARN_UNREACHABLE_CODE = YES;
				CLANG_WARN__DUPLICATE_METHOD_MATCH = YES;
				COPY_PHASE_STRIP = NO;
				DEBUG_INFORMATION_FORMAT = "dwarf-with-dsym";
				ENABLE_NS_ASSERTIONS = NO;
				ENABLE_STRICT_OBJC_MSGSEND = YES;
				GCC_C_LANGUAGE_STANDARD = gnu11;
				GCC_NO_COMMON_BLOCKS = YES;
				GCC_WARN_64_TO_32_BIT_CONVERSION = YES;
				GCC_WARN_ABOUT_RETURN_TYPE = YES_ERROR;
				GCC_WARN_UNDECLARED_SELECTOR = YES;
				GCC_WARN_UNINITIALIZED_AUTOS = YES_AGGRESSIVE;
				GCC_WARN_UNUSED_FUNCTION = YES;
				GCC_WARN_UNUSED_VARIABLE = YES;
				IPHONEOS_DEPLOYMENT_TARGET = 16.4;
				MTL_ENABLE_DEBUG_INFO = NO;
				MTL_FAST_MATH = YES;
				SDKROOT = iphoneos;
				SWIFT_COMPILATION_MODE = wholemodule;
				SWIFT_OPTIMIZATION_LEVEL = "-O";
				VALIDATE_PRODUCT = YES;
			};
			name = Release;
		};
		71ED35F32A0DB9DA00078C3C /* Debug */ = {
			isa = XCBuildConfiguration;
			buildSettings = {
				ASSETCATALOG_COMPILER_APPICON_NAME = AppIcon;
				ASSETCATALOG_COMPILER_GLOBAL_ACCENT_COLOR_NAME = AccentColor;
				CODE_SIGN_STYLE = Automatic;
				CURRENT_PROJECT_VERSION = 1;
				DEVELOPMENT_ASSET_PATHS = "\"Kinetic App/Preview Content\"";
				DEVELOPMENT_TEAM = 6C4CC7PXLP;
				ENABLE_PREVIEWS = YES;
				GENERATE_INFOPLIST_FILE = YES;
				INFOPLIST_KEY_UIApplicationSceneManifest_Generation = YES;
				INFOPLIST_KEY_UIApplicationSupportsIndirectInputEvents = YES;
				INFOPLIST_KEY_UILaunchScreen_Generation = YES;
				INFOPLIST_KEY_UISupportedInterfaceOrientations_iPad = "UIInterfaceOrientationPortrait UIInterfaceOrientationPortraitUpsideDown UIInterfaceOrientationLandscapeLeft UIInterfaceOrientationLandscapeRight";
				INFOPLIST_KEY_UISupportedInterfaceOrientations_iPhone = "UIInterfaceOrientationPortrait UIInterfaceOrientationLandscapeLeft UIInterfaceOrientationLandscapeRight";
				LD_RUNPATH_SEARCH_PATHS = (
					"$(inherited)",
					"@executable_path/Frameworks",
				);
				MARKETING_VERSION = 1.0;
				PRODUCT_BUNDLE_IDENTIFIER = "com.cjryan.Kinetic-App";
				PRODUCT_NAME = "$(TARGET_NAME)";
				SWIFT_EMIT_LOC_STRINGS = YES;
				SWIFT_VERSION = 5.0;
				TARGETED_DEVICE_FAMILY = "1,2";
			};
			name = Debug;
		};
		71ED35F42A0DB9DA00078C3C /* Release */ = {
			isa = XCBuildConfiguration;
			buildSettings = {
				ASSETCATALOG_COMPILER_APPICON_NAME = AppIcon;
				ASSETCATALOG_COMPILER_GLOBAL_ACCENT_COLOR_NAME = AccentColor;
				CODE_SIGN_STYLE = Automatic;
				CURRENT_PROJECT_VERSION = 1;
				DEVELOPMENT_ASSET_PATHS = "\"Kinetic App/Preview Content\"";
				DEVELOPMENT_TEAM = 6C4CC7PXLP;
				ENABLE_PREVIEWS = YES;
				GENERATE_INFOPLIST_FILE = YES;
				INFOPLIST_KEY_UIApplicationSceneManifest_Generation = YES;
				INFOPLIST_KEY_UIApplicationSupportsIndirectInputEvents = YES;
				INFOPLIST_KEY_UILaunchScreen_Generation = YES;
				INFOPLIST_KEY_UISupportedInterfaceOrientations_iPad = "UIInterfaceOrientationPortrait UIInterfaceOrientationPortraitUpsideDown UIInterfaceOrientationLandscapeLeft UIInterfaceOrientationLandscapeRight";
				INFOPLIST_KEY_UISupportedInterfaceOrientations_iPhone = "UIInterfaceOrientationPortrait UIInterfaceOrientationLandscapeLeft UIInterfaceOrientationLandscapeRight";
				LD_RUNPATH_SEARCH_PATHS = (
					"$(inherited)",
					"@executable_path/Frameworks",
				);
				MARKETING_VERSION = 1.0;
				PRODUCT_BUNDLE_IDENTIFIER = "com.cjryan.Kinetic-App";
				PRODUCT_NAME = "$(TARGET_NAME)";
				SWIFT_EMIT_LOC_STRINGS = YES;
				SWIFT_VERSION = 5.0;
				TARGETED_DEVICE_FAMILY = "1,2";
			};
			name = Release;
		};
		71ED35F62A0DB9DA00078C3C /* Debug */ = {
			isa = XCBuildConfiguration;
			buildSettings = {
				ALWAYS_EMBED_SWIFT_STANDARD_LIBRARIES = YES;
				BUNDLE_LOADER = "$(TEST_HOST)";
				CODE_SIGN_STYLE = Automatic;
				CURRENT_PROJECT_VERSION = 1;
				DEVELOPMENT_TEAM = 6C4CC7PXLP;
				GENERATE_INFOPLIST_FILE = YES;
				IPHONEOS_DEPLOYMENT_TARGET = 16.4;
				MARKETING_VERSION = 1.0;
				PRODUCT_BUNDLE_IDENTIFIER = "com.cjryan.Kinetic-AppTests";
				PRODUCT_NAME = "$(TARGET_NAME)";
				SWIFT_EMIT_LOC_STRINGS = NO;
				SWIFT_VERSION = 5.0;
				TARGETED_DEVICE_FAMILY = "1,2";
				TEST_HOST = "$(BUILT_PRODUCTS_DIR)/Kinetic App.app/$(BUNDLE_EXECUTABLE_FOLDER_PATH)/Kinetic App";
			};
			name = Debug;
		};
		71ED35F72A0DB9DA00078C3C /* Release */ = {
			isa = XCBuildConfiguration;
			buildSettings = {
				ALWAYS_EMBED_SWIFT_STANDARD_LIBRARIES = YES;
				BUNDLE_LOADER = "$(TEST_HOST)";
				CODE_SIGN_STYLE = Automatic;
				CURRENT_PROJECT_VERSION = 1;
				DEVELOPMENT_TEAM = 6C4CC7PXLP;
				GENERATE_INFOPLIST_FILE = YES;
				IPHONEOS_DEPLOYMENT_TARGET = 16.4;
				MARKETING_VERSION = 1.0;
				PRODUCT_BUNDLE_IDENTIFIER = "com.cjryan.Kinetic-AppTests";
				PRODUCT_NAME = "$(TARGET_NAME)";
				SWIFT_EMIT_LOC_STRINGS = NO;
				SWIFT_VERSION = 5.0;
				TARGETED_DEVICE_FAMILY = "1,2";
				TEST_HOST = "$(BUILT_PRODUCTS_DIR)/Kinetic App.app/$(BUNDLE_EXECUTABLE_FOLDER_PATH)/Kinetic App";
			};
			name = Release;
		};
		71ED35F92A0DB9DA00078C3C /* Debug */ = {
			isa = XCBuildConfiguration;
			buildSettings = {
				ALWAYS_EMBED_SWIFT_STANDARD_LIBRARIES = YES;
				CODE_SIGN_STYLE = Automatic;
				CURRENT_PROJECT_VERSION = 1;
				DEVELOPMENT_TEAM = 6C4CC7PXLP;
				GENERATE_INFOPLIST_FILE = YES;
				MARKETING_VERSION = 1.0;
				PRODUCT_BUNDLE_IDENTIFIER = "com.cjryan.Kinetic-AppUITests";
				PRODUCT_NAME = "$(TARGET_NAME)";
				SWIFT_EMIT_LOC_STRINGS = NO;
				SWIFT_VERSION = 5.0;
				TARGETED_DEVICE_FAMILY = "1,2";
				TEST_TARGET_NAME = "Kinetic App";
			};
			name = Debug;
		};
		71ED35FA2A0DB9DA00078C3C /* Release */ = {
			isa = XCBuildConfiguration;
			buildSettings = {
				ALWAYS_EMBED_SWIFT_STANDARD_LIBRARIES = YES;
				CODE_SIGN_STYLE = Automatic;
				CURRENT_PROJECT_VERSION = 1;
				DEVELOPMENT_TEAM = 6C4CC7PXLP;
				GENERATE_INFOPLIST_FILE = YES;
				MARKETING_VERSION = 1.0;
				PRODUCT_BUNDLE_IDENTIFIER = "com.cjryan.Kinetic-AppUITests";
				PRODUCT_NAME = "$(TARGET_NAME)";
				SWIFT_EMIT_LOC_STRINGS = NO;
				SWIFT_VERSION = 5.0;
				TARGETED_DEVICE_FAMILY = "1,2";
				TEST_TARGET_NAME = "Kinetic App";
			};
			name = Release;
		};
/* End XCBuildConfiguration section */

/* Begin XCConfigurationList section */
		71ED35C92A0DB9D900078C3C /* Build configuration list for PBXProject "Kinetic App" */ = {
			isa = XCConfigurationList;
			buildConfigurations = (
				71ED35F02A0DB9DA00078C3C /* Debug */,
				71ED35F12A0DB9DA00078C3C /* Release */,
			);
			defaultConfigurationIsVisible = 0;
			defaultConfigurationName = Release;
		};
		71ED35F22A0DB9DA00078C3C /* Build configuration list for PBXNativeTarget "Kinetic App" */ = {
			isa = XCConfigurationList;
			buildConfigurations = (
				71ED35F32A0DB9DA00078C3C /* Debug */,
				71ED35F42A0DB9DA00078C3C /* Release */,
			);
			defaultConfigurationIsVisible = 0;
			defaultConfigurationName = Release;
		};
		71ED35F52A0DB9DA00078C3C /* Build configuration list for PBXNativeTarget "Kinetic AppTests" */ = {
			isa = XCConfigurationList;
			buildConfigurations = (
				71ED35F62A0DB9DA00078C3C /* Debug */,
				71ED35F72A0DB9DA00078C3C /* Release */,
			);
			defaultConfigurationIsVisible = 0;
			defaultConfigurationName = Release;
		};
		71ED35F82A0DB9DA00078C3C /* Build configuration list for PBXNativeTarget "Kinetic AppUITests" */ = {
			isa = XCConfigurationList;
			buildConfigurations = (
				71ED35F92A0DB9DA00078C3C /* Debug */,
				71ED35FA2A0DB9DA00078C3C /* Release */,
			);
			defaultConfigurationIsVisible = 0;
			defaultConfigurationName = Release;
		};
/* End XCConfigurationList section */
	};
	rootObject = 71ED35C62A0DB9D900078C3C /* Project object */;
}
